// !$*UTF8*$!
{
	archiveVersion = 1;
	classes = {
	};
	objectVersion = 46;
	objects = {

/* Begin PBXBuildFile section */
		FAC353F11C4E0C0600AFFAA4 /* AppDelegate.swift in Sources */ = {isa = PBXBuildFile; fileRef = FAC353F01C4E0C0600AFFAA4 /* AppDelegate.swift */; };
		FAC353F31C4E0C0600AFFAA4 /* ViewController.swift in Sources */ = {isa = PBXBuildFile; fileRef = FAC353F21C4E0C0600AFFAA4 /* ViewController.swift */; };
		FAC353F61C4E0C0600AFFAA4 /* Main.storyboard in Resources */ = {isa = PBXBuildFile; fileRef = FAC353F41C4E0C0600AFFAA4 /* Main.storyboard */; };
		FAC353F81C4E0C0700AFFAA4 /* Assets.xcassets in Resources */ = {isa = PBXBuildFile; fileRef = FAC353F71C4E0C0700AFFAA4 /* Assets.xcassets */; };
		FAC353FB1C4E0C0700AFFAA4 /* LaunchScreen.storyboard in Resources */ = {isa = PBXBuildFile; fileRef = FAC353F91C4E0C0700AFFAA4 /* LaunchScreen.storyboard */; };
/* End PBXBuildFile section */

/* Begin PBXFileReference section */
		FAC353ED1C4E0C0600AFFAA4 /* SuperCool.app */ = {isa = PBXFileReference; explicitFileType = wrapper.application; includeInIndex = 0; path = SuperCool.app; sourceTree = BUILT_PRODUCTS_DIR; };
		FAC353F01C4E0C0600AFFAA4 /* AppDelegate.swift */ = {isa = PBXFileReference; lastKnownFileType = sourcecode.swift; path = AppDelegate.swift; sourceTree = "<group>"; };
		FAC353F21C4E0C0600AFFAA4 /* ViewController.swift */ = {isa = PBXFileReference; lastKnownFileType = sourcecode.swift; path = ViewController.swift; sourceTree = "<group>"; };
		FAC353F51C4E0C0600AFFAA4 /* Base */ = {isa = PBXFileReference; lastKnownFileType = file.storyboard; name = Base; path = Base.lproj/Main.storyboard; sourceTree = "<group>"; };
		FAC353F71C4E0C0700AFFAA4 /* Assets.xcassets */ = {isa = PBXFileReference; lastKnownFileType = folder.assetcatalog; path = Assets.xcassets; sourceTree = "<group>"; };
		FAC353FA1C4E0C0700AFFAA4 /* Base */ = {isa = PBXFileReference; lastKnownFileType = file.storyboard; name = Base; path = Base.lproj/LaunchScreen.storyboard; sourceTree = "<group>"; };
		FAC353FC1C4E0C0700AFFAA4 /* Info.plist */ = {isa = PBXFileReference; lastKnownFileType = text.plist.xml; path = Info.plist; sourceTree = "<group>"; };
/* End PBXFileReference section */

/* Begin PBXFrameworksBuildPhase section */
		FAC353EA1C4E0C0600AFFAA4 /* Frameworks */ = {
			isa = PBXFrameworksBuildPhase;
			buildActionMask = 2147483647;
			files = (
			);
			runOnlyForDeploymentPostprocessing = 0;
		};
/* End PBXFrameworksBuildPhase section */

/* Begin PBXGroup section */
		FAC353E41C4E0C0600AFFAA4 = {
			isa = PBXGroup;
			children = (
				FAC353EF1C4E0C0600AFFAA4 /* SuperCool */,
				FAC353EE1C4E0C0600AFFAA4 /* Products */,
			);
			sourceTree = "<group>";
		};
		FAC353EE1C4E0C0600AFFAA4 /* Products */ = {
			isa = PBXGroup;
			children = (
				FAC353ED1C4E0C0600AFFAA4 /* SuperCool.app */,
			);
			name = Products;
			sourceTree = "<group>";
		};
		FAC353EF1C4E0C0600AFFAA4 /* SuperCool */ = {
			isa = PBXGroup;
			children = (
				FAC353F01C4E0C0600AFFAA4 /* AppDelegate.swift */,
				FAC353F21C4E0C0600AFFAA4 /* ViewController.swift */,
				FAC353F41C4E0C0600AFFAA4 /* Main.storyboard */,
				FAC353F71C4E0C0700AFFAA4 /* Assets.xcassets */,
				FAC353F91C4E0C0700AFFAA4 /* LaunchScreen.storyboard */,
				FAC353FC1C4E0C0700AFFAA4 /* Info.plist */,
			);
			path = SuperCool;
			sourceTree = "<group>";
		};
/* End PBXGroup section */

/* Begin PBXNativeTarget section */
		FAC353EC1C4E0C0600AFFAA4 /* SuperCool */ = {
			isa = PBXNativeTarget;
			buildConfigurationList = FAC353FF1C4E0C0700AFFAA4 /* Build configuration list for PBXNativeTarget "SuperCool" */;
			buildPhases = (
				FAC353E91C4E0C0600AFFAA4 /* Sources */,
				FAC353EA1C4E0C0600AFFAA4 /* Frameworks */,
				FAC353EB1C4E0C0600AFFAA4 /* Resources */,
			);
			buildRules = (
			);
			dependencies = (
			);
			name = SuperCool;
			productName = SuperCool;
			productReference = FAC353ED1C4E0C0600AFFAA4 /* SuperCool.app */;
			productType = "com.apple.product-type.application";
		};
/* End PBXNativeTarget section */

/* Begin PBXProject section */
		FAC353E51C4E0C0600AFFAA4 /* Project object */ = {
			isa = PBXProject;
			attributes = {
				LastSwiftUpdateCheck = 0710;
				LastUpgradeCheck = 0710;
				ORGANIZATIONNAME = efluxmeida;
				TargetAttributes = {
					FAC353EC1C4E0C0600AFFAA4 = {
						CreatedOnToolsVersion = 7.1.1;
					};
				};
			};
			buildConfigurationList = FAC353E81C4E0C0600AFFAA4 /* Build configuration list for PBXProject "SuperCool" */;
			compatibilityVersion = "Xcode 3.2";
			developmentRegion = English;
			hasScannedForEncodings = 0;
			knownRegions = (
				en,
				Base,
			);
			mainGroup = FAC353E41C4E0C0600AFFAA4;
			productRefGroup = FAC353EE1C4E0C0600AFFAA4 /* Products */;
			projectDirPath = "";
			projectRoot = "";
			targets = (
				FAC353EC1C4E0C0600AFFAA4 /* SuperCool */,
			);
		};
/* End PBXProject section */

/* Begin PBXResourcesBuildPhase section */
		FAC353EB1C4E0C0600AFFAA4 /* Resources */ = {
			isa = PBXResourcesBuildPhase;
			buildActionMask = 2147483647;
			files = (
				FAC353FB1C4E0C0700AFFAA4 /* LaunchScreen.storyboard in Resources */,
				FAC353F81C4E0C0700AFFAA4 /* Assets.xcassets in Resources */,
				FAC353F61C4E0C0600AFFAA4 /* Main.storyboard in Resources */,
			);
			runOnlyForDeploymentPostprocessing = 0;
		};
/* End PBXResourcesBuildPhase section */

/* Begin PBXSourcesBuildPhase section */
		FAC353E91C4E0C0600AFFAA4 /* Sources */ = {
			isa = PBXSourcesBuildPhase;
			buildActionMask = 2147483647;
			files = (
				FAC353F31C4E0C0600AFFAA4 /* ViewController.swift in Sources */,
				FAC353F11C4E0C0600AFFAA4 /* AppDelegate.swift in Sources */,
			);
			runOnlyForDeploymentPostprocessing = 0;
		};
/* End PBXSourcesBuildPhase section */

/* Begin PBXVariantGroup section */
		FAC353F41C4E0C0600AFFAA4 /* Main.storyboard */ = {
			isa = PBXVariantGroup;
			children = (
				FAC353F51C4E0C0600AFFAA4 /* Base */,
			);
			name = Main.storyboard;
			sourceTree = "<group>";
		};
		FAC353F91C4E0C0700AFFAA4 /* LaunchScreen.storyboard */ = {
			isa = PBXVariantGroup;
			children = (
				FAC353FA1C4E0C0700AFFAA4 /* Base */,
			);
			name = LaunchScreen.storyboard;
			sourceTree = "<group>";
		};
/* End PBXVariantGroup section */

/* Begin XCBuildConfiguration section */
		FAC353FD1C4E0C0700AFFAA4 /* Debug */ = {
			isa = XCBuildConfiguration;
			buildSettings = {
				ALWAYS_SEARCH_USER_PATHS = NO;
				CLANG_CXX_LANGUAGE_STANDARD = "gnu++0x";
				CLANG_CXX_LIBRARY = "libc++";
				CLANG_ENABLE_MODULES = YES;
				CLANG_ENABLE_OBJC_ARC = YES;
				CLANG_WARN_BOOL_CONVERSION = YES;
				CLANG_WARN_CONSTANT_CONVERSION = YES;
				CLANG_WARN_DIRECT_OBJC_ISA_USAGE = YES_ERROR;
				CLANG_WARN_EMPTY_BODY = YES;
				CLANG_WARN_ENUM_CONVERSION = YES;
				CLANG_WARN_INT_CONVERSION = YES;
				CLANG_WARN_OBJC_ROOT_CLASS = YES_ERROR;
				CLANG_WARN_UNREACHABLE_CODE = YES;
				CLANG_WARN__DUPLICATE_METHOD_MATCH = YES;
				"CODE_SIGN_IDENTITY[sdk=iphoneos*]" = "iPhone Developer";
				COPY_PHASE_STRIP = NO;
				DEBUG_INFORMATION_FORMAT = dwarf;
				ENABLE_STRICT_OBJC_MSGSEND = YES;
				ENABLE_TESTABILITY = YES;
				GCC_C_LANGUAGE_STANDARD = gnu99;
				GCC_DYNAMIC_NO_PIC = NO;
				GCC_NO_COMMON_BLOCKS = YES;
				GCC_OPTIMIZATION_LEVEL = 0;
				GCC_PREPROCESSOR_DEFINITIONS = (
					"DEBUG=1",
					"$(inherited)",
				);
				GCC_WARN_64_TO_32_BIT_CONVERSION = YES;
				GCC_WARN_ABOUT_RETURN_TYPE = YES_ERROR;
				GCC_WARN_UNDECLARED_SELECTOR = YES;
				GCC_WARN_UNINITIALIZED_AUTOS = YES_AGGRESSIVE;
				GCC_WARN_UNUSED_FUNCTION = YES;
				GCC_WARN_UNUSED_VARIABLE = YES;
				IPHONEOS_DEPLOYMENT_TARGET = 9.1;
				MTL_ENABLE_DEBUG_INFO = YES;
				ONLY_ACTIVE_ARCH = YES;
				SDKROOT = iphoneos;
				SWIFT_OPTIMIZATION_LEVEL = "-Onone";
			};
			name = Debug;
		};
		FAC353FE1C4E0C0700AFFAA4 /* Release */ = {
			isa = XCBuildConfiguration;
			buildSettings = {
				ALWAYS_SEARCH_USER_PATHS = NO;
				CLANG_CXX_LANGUAGE_STANDARD = "gnu++0x";
				CLANG_CXX_LIBRARY = "libc++";
				CLANG_ENABLE_MODULES = YES;
				CLANG_ENABLE_OBJC_ARC = YES;
				CLANG_WARN_BOOL_CONVERSION = YES;
				CLANG_WARN_CONSTANT_CONVERSION = YES;
				CLANG_WARN_DIRECT_OBJC_ISA_USAGE = YES_ERROR;
				CLANG_WARN_EMPTY_BODY = YES;
				CLANG_WARN_ENUM_CONVERSION = YES;
				CLANG_WARN_INT_CONVERSION = YES;
				CLANG_WARN_OBJC_ROOT_CLASS = YES_ERROR;
				CLANG_WARN_UNREACHABLE_CODE = YES;
				CLANG_WARN__DUPLICATE_METHOD_MATCH = YES;
				"CODE_SIGN_IDENTITY[sdk=iphoneos*]" = "iPhone Developer";
				COPY_PHASE_STRIP = NO;
				DEBUG_INFORMATION_FORMAT = "dwarf-with-dsym";
				ENABLE_NS_ASSERTIONS = NO;
				ENABLE_STRICT_OBJC_MSGSEND = YES;
				GCC_C_LANGUAGE_STANDARD = gnu99;
				GCC_NO_COMMON_BLOCKS = YES;
				GCC_WARN_64_TO_32_BIT_CONVERSION = YES;
				GCC_WARN_ABOUT_RETURN_TYPE = YES_ERROR;
				GCC_WARN_UNDECLARED_SELECTOR = YES;
				GCC_WARN_UNINITIALIZED_AUTOS = YES_AGGRESSIVE;
				GCC_WARN_UNUSED_FUNCTION = YES;
				GCC_WARN_UNUSED_VARIABLE = YES;
				IPHONEOS_DEPLOYMENT_TARGET = 9.1;
				MTL_ENABLE_DEBUG_INFO = NO;
				SDKROOT = iphoneos;
				VALIDATE_PRODUCT = YES;
			};
			name = Release;
		};
		FAC354001C4E0C0700AFFAA4 /* Debug */ = {
			isa = XCBuildConfiguration;
			buildSettings = {
				ASSETCATALOG_COMPILER_APPICON_NAME = AppIcon;
				INFOPLIST_FILE = SuperCool/Info.plist;
				LD_RUNPATH_SEARCH_PATHS = "$(inherited) @executable_path/Frameworks";
				PRODUCT_BUNDLE_IDENTIFIER = com.efluxmedia.SuperCool;
				PRODUCT_NAME = "$(TARGET_NAME)";
			};
			name = Debug;
		};
		FAC354011C4E0C0700AFFAA4 /* Release */ = {
			isa = XCBuildConfiguration;
			buildSettings = {
				ASSETCATALOG_COMPILER_APPICON_NAME = AppIcon;
				INFOPLIST_FILE = SuperCool/Info.plist;
				LD_RUNPATH_SEARCH_PATHS = "$(inherited) @executable_path/Frameworks";
				PRODUCT_BUNDLE_IDENTIFIER = com.efluxmedia.SuperCool;
				PRODUCT_NAME = "$(TARGET_NAME)";
			};
			name = Release;
		};
/* End XCBuildConfiguration section */

/* Begin XCConfigurationList section */
		FAC353E81C4E0C0600AFFAA4 /* Build configuration list for PBXProject "SuperCool" */ = {
			isa = XCConfigurationList;
			buildConfigurations = (
				FAC353FD1C4E0C0700AFFAA4 /* Debug */,
				FAC353FE1C4E0C0700AFFAA4 /* Release */,
			);
			defaultConfigurationIsVisible = 0;
			defaultConfigurationName = Release;
		};
		FAC353FF1C4E0C0700AFFAA4 /* Build configuration list for PBXNativeTarget "SuperCool" */ = {
			isa = XCConfigurationList;
			buildConfigurations = (
				FAC354001C4E0C0700AFFAA4 /* Debug */,
				FAC354011C4E0C0700AFFAA4 /* Release */,
			);
			defaultConfigurationIsVisible = 0;
		};
/* End XCConfigurationList section */
	};
	rootObject = FAC353E51C4E0C0600AFFAA4 /* Project object */;
}
